{
  "name": "vizui.components",
  "version": "1.0.0",
  "lockfileVersion": 3,
  "requires": true,
  "packages": {
    "": {
      "name": "vizui.components",
      "version": "1.0.0",
      "license": "ISC",
      "devDependencies": {
        "depflow": "^1.0.1"
      }
    },
    "node_modules/depflow": {
      "version": "1.0.1",
      "resolved": "https://registry.npmjs.org/depflow/-/depflow-1.0.1.tgz",
      "integrity": "sha512-ehNlTWEhgLSC+vEg+W6KcXLdtOJgGkBVZ64ul1cqp8+W2lXgi+nkZZEM+nqWu9EiPqj8nS/iSo3h1rVTjilwyA==",
      "dev": true,
      "license": "Apache-2.0",
      "dependencies": {
        "vortez": "^5.0.0-dev.14"
      },
      "bin": {
        "dep": "build/bin.js"
      }
    },
    "node_modules/vortez": {
      "version": "5.0.0-dev.14",
      "resolved": "https://registry.npmjs.org/vortez/-/vortez-5.0.0-dev.14.tgz",
      "integrity": "sha512-8z7ji0Z9VybNcVrG0NsCNUdMDMBfbv4vRSs8YJjxLY1Ma+M2sr0uywXUHyFfWSd6ilFUL6KeRYzQ8CoqspctXQ==",
      "dev": true,
      "license": "Apache-2.0"
    }
  }
}
