{
  "name": "vizui.components",
  "version": "1.1.0",
  "lockfileVersion": 3,
  "requires": true,
  "packages": {
    "": {
      "name": "vizui.components",
      "version": "1.1.0",
      "license": "ISC",
      "devDependencies": {
        "depflow": "^3.0.0-dev.2"
      }
    },
    "node_modules/@netfeez/common": {
      "version": "3.1.1",
      "resolved": "https://registry.npmjs.org/@netfeez/common/-/common-3.1.1.tgz",
      "integrity": "sha512-gMX0iDoIHy9+L5bmCR3GhOk5aginGS7z5y90qCjkjypwBxzD+FP4fQzqnSjCpBhPU91Xs0QYLnEPQJwFUBBXrQ==",
      "dev": true,
      "license": "Apache-2.0"
    },
    "node_modules/@netfeez/common-node": {
      "version": "1.0.1",
      "resolved": "https://registry.npmjs.org/@netfeez/common-node/-/common-node-1.0.1.tgz",
      "integrity": "sha512-5AA31tp/2WklYaW0krIB5GwQIFzQ/xHXAvZyo/OH/M9PXvzVXLS64Gb22geMqKDR/JpgbKUlwkJvd5w6bIq4BQ==",
      "dev": true,
      "license": "Apache-2.0"
    },
    "node_modules/@netfeez/vterm": {
      "version": "1.1.0",
      "resolved": "https://registry.npmjs.org/@netfeez/vterm/-/vterm-1.1.0.tgz",
      "integrity": "sha512-8df4/059S4hDF96RdUdHlhVyI/LYP+v5ATHvxppT00cyxeKQvGWvAEM4TLLAJIXC3Vs+5if6oeCo8xB0jU+6Gg==",
      "dev": true,
      "license": "Apache-2.0",
      "dependencies": {
        "@netfeez/common": "^2.1.0",
        "@netfeez/common-node": "^1.0.1"
      }
    },
    "node_modules/@netfeez/vterm/node_modules/@netfeez/common": {
      "version": "2.1.0",
      "resolved": "https://registry.npmjs.org/@netfeez/common/-/common-2.1.0.tgz",
      "integrity": "sha512-3QeeQ0kOgfWk7hcHoFzfMFuy1V3pOq+dfXiXR3eZVAn/6Jy9pNKGx28N/eMhnV1heykjC5tOOYWa0Js567P4Lg==",
      "dev": true,
      "license": "Apache-2.0"
    },
    "node_modules/depflow": {
      "version": "3.0.0-dev.2",
      "resolved": "https://registry.npmjs.org/depflow/-/depflow-3.0.0-dev.2.tgz",
      "integrity": "sha512-J0jb0Wm11H1pwLAlaF8lk+FYfiEVeubO4sHbQ5LaGXGvLYKsrXU3G+Da1x0hiVRtdgVm3pymbjlxxXs3t5xiJQ==",
      "dev": true,
      "license": "Apache-2.0",
      "dependencies": {
        "@netfeez/common": "^3.0.0",
        "@netfeez/common-node": "^3.0.0",
        "@netfeez/vterm": "^1.1.0"
      },
      "bin": {
        "dep": "build/cli/bin.js"
      }
    },
    "node_modules/depflow/node_modules/@netfeez/common-node": {
      "version": "3.0.0",
      "resolved": "https://registry.npmjs.org/@netfeez/common-node/-/common-node-3.0.0.tgz",
      "integrity": "sha512-Lo+/S2nwaBBUnUDwq+32RexkHNgndBBMIorRrohJfGC4zFTqxdMY9xRcogcBuhnR9EYasbTPe+7et+ZXZp4hLg==",
      "dev": true,
      "license": "Apache-2.0"
    }
  }
}
