{
  "name": "vizui.components",
  "version": "2.0.1",
  "lockfileVersion": 3,
  "requires": true,
  "packages": {
    "": {
      "name": "vizui.components",
      "version": "2.0.1",
      "license": "ISC",
      "devDependencies": {
        "depflow": "^3.0.0-dev.10",
        "typescript": "^6.0.3"
      }
    },
    "node_modules/@netfeez/common": {
      "version": "4.2.0",
      "resolved": "https://registry.npmjs.org/@netfeez/common/-/common-4.2.0.tgz",
      "integrity": "sha512-Fc7S+NVb5lHwJv3ABlfE1YcMRuoqG7YjH4ijyWmcBe1kgquzarE92mD7ycCbE48XIUe/SfAlCdhomGzl6ymRjw==",
      "dev": true,
      "license": "Apache-2.0"
    },
    "node_modules/@netfeez/common-node": {
      "version": "1.0.1",
      "resolved": "https://registry.npmjs.org/@netfeez/common-node/-/common-node-1.0.1.tgz",
      "integrity": "sha512-5AA31tp/2WklYaW0krIB5GwQIFzQ/xHXAvZyo/OH/M9PXvzVXLS64Gb22geMqKDR/JpgbKUlwkJvd5w6bIq4BQ==",
      "dev": true,
      "license": "Apache-2.0"
    },
    "node_modules/@netfeez/vterm": {
      "version": "1.1.0",
      "resolved": "https://registry.npmjs.org/@netfeez/vterm/-/vterm-1.1.0.tgz",
      "integrity": "sha512-8df4/059S4hDF96RdUdHlhVyI/LYP+v5ATHvxppT00cyxeKQvGWvAEM4TLLAJIXC3Vs+5if6oeCo8xB0jU+6Gg==",
      "dev": true,
      "license": "Apache-2.0",
      "dependencies": {
        "@netfeez/common": "^2.1.0",
        "@netfeez/common-node": "^1.0.1"
      }
    },
    "node_modules/@netfeez/vterm/node_modules/@netfeez/common": {
      "version": "2.1.0",
      "resolved": "https://registry.npmjs.org/@netfeez/common/-/common-2.1.0.tgz",
      "integrity": "sha512-3QeeQ0kOgfWk7hcHoFzfMFuy1V3pOq+dfXiXR3eZVAn/6Jy9pNKGx28N/eMhnV1heykjC5tOOYWa0Js567P4Lg==",
      "dev": true,
      "license": "Apache-2.0"
    },
    "node_modules/depflow": {
      "version": "3.0.0-dev.10",
      "resolved": "https://registry.npmjs.org/depflow/-/depflow-3.0.0-dev.10.tgz",
      "integrity": "sha512-W300SUtAuYFVxy6zaA/Qz4H4l9SXtLRBte8YAQXk5SzWwZqnTaBZSI9C+ZVOqbaH9uXHjX/B+RgZQfjrzMjxIw==",
      "dev": true,
      "license": "Apache-2.0",
      "dependencies": {
        "@netfeez/common": "^4.2.0",
        "@netfeez/common-node": "^3.4.0",
        "@netfeez/vterm": "^1.1.0"
      },
      "bin": {
        "dep": "build/cli/bin.js"
      }
    },
    "node_modules/depflow/node_modules/@netfeez/common-node": {
      "version": "3.5.0",
      "resolved": "https://registry.npmjs.org/@netfeez/common-node/-/common-node-3.5.0.tgz",
      "integrity": "sha512-6SoAhbRUHQ/jhMrNC6udajCeGj+ewbulNvEoezoNWRsEB2NTVhxJJgZsBd3BIDxTlS8fDU9tPuHH4SqdnNCXKQ==",
      "dev": true,
      "license": "Apache-2.0"
    },
    "node_modules/typescript": {
      "version": "6.0.3",
      "resolved": "https://registry.npmjs.org/typescript/-/typescript-6.0.3.tgz",
      "integrity": "sha512-y2TvuxSZPDyQakkFRPZHKFm+KKVqIisdg9/CZwm9ftvKXLP8NRWj38/ODjNbr43SsoXqNuAisEf1GdCxqWcdBw==",
      "dev": true,
      "license": "Apache-2.0",
      "bin": {
        "tsc": "bin/tsc",
        "tsserver": "bin/tsserver"
      },
      "engines": {
        "node": ">=14.17"
      }
    }
  }
}
